
Microsoft Visual Studio Solution File, Format Version 12.00
# Visual Studio Version 17
VisualStudioVersion = 17.9.34616.47
MinimumVisualStudioVersion = 10.0.40219.1
Project("{FAE04EC0-301F-11D3-BF4B-00C04F79EFBC}") = "WinFormsApp1", "WinFormsApp1\WinFormsApp1.csproj", "{911BE71B-D829-4E4C-9299-8B3F7A6018E1}"
EndProject
Global
	GlobalSection(SolutionConfigurationPlatforms) = preSolution
		Debug|Any CPU = Debug|Any CPU
		Release|Any CPU = Release|Any CPU
	EndGlobalSection
	GlobalSection(ProjectConfigurationPlatforms) = postSolution
		{911BE71B-D829-4E4C-9299-8B3F7A6018E1}.Debug|Any CPU.ActiveCfg = Debug|Any CPU
		{911BE71B-D829-4E4C-9299-8B3F7A6018E1}.Debug|Any CPU.Build.0 = Debug|Any CPU
		{911BE71B-D829-4E4C-9299-8B3F7A6018E1}.Release|Any CPU.ActiveCfg = Release|Any CPU
		{911BE71B-D829-4E4C-9299-8B3F7A6018E1}.Release|Any CPU.Build.0 = Release|Any CPU
	EndGlobalSection
	GlobalSection(SolutionProperties) = preSolution
		HideSolutionNode = FALSE
	EndGlobalSection
	GlobalSection(ExtensibilityGlobals) = postSolution
		SolutionGuid = {3C18B9D8-0406-47BF-89D8-198DCA1A89C5}
	EndGlobalSection
EndGlobal
