
Microsoft Visual Studio Solution File, Format Version 12.00
# Visual Studio Version 16
VisualStudioVersion = 16.0.34601.136
MinimumVisualStudioVersion = 10.0.40219.1
Project("{FAE04EC0-301F-11D3-BF4B-00C04F79EFBC}") = "InharitanceDemo", "InharitanceDemo\InharitanceDemo.csproj", "{EBB7FDDE-3B54-4A84-8CA6-E304B8E57F28}"
EndProject
Global
	GlobalSection(SolutionConfigurationPlatforms) = preSolution
		Debug|Any CPU = Debug|Any CPU
		Release|Any CPU = Release|Any CPU
	EndGlobalSection
	GlobalSection(ProjectConfigurationPlatforms) = postSolution
		{EBB7FDDE-3B54-4A84-8CA6-E304B8E57F28}.Debug|Any CPU.ActiveCfg = Debug|Any CPU
		{EBB7FDDE-3B54-4A84-8CA6-E304B8E57F28}.Debug|Any CPU.Build.0 = Debug|Any CPU
		{EBB7FDDE-3B54-4A84-8CA6-E304B8E57F28}.Release|Any CPU.ActiveCfg = Release|Any CPU
		{EBB7FDDE-3B54-4A84-8CA6-E304B8E57F28}.Release|Any CPU.Build.0 = Release|Any CPU
	EndGlobalSection
	GlobalSection(SolutionProperties) = preSolution
		HideSolutionNode = FALSE
	EndGlobalSection
	GlobalSection(ExtensibilityGlobals) = postSolution
		SolutionGuid = {0216AB16-A2EE-4D1B-A2CF-1204AE12CED7}
	EndGlobalSection
EndGlobal
